
Microsoft Visual Studio Solution File, Format Version 12.00
# Visual Studio Version 17
VisualStudioVersion = 17.11.35303.130
MinimumVisualStudioVersion = 10.0.40219.1
Project("{8BC9CEB8-8B4A-11D0-8D11-00A0C91BC942}") = "программа1_2", "программа1_2\программа1_2.vcxproj", "{74E5DACC-88A5-4FCA-9CF7-1DEBB56BCF6A}"
EndProject
Global
	GlobalSection(SolutionConfigurationPlatforms) = preSolution
		Debug|x64 = Debug|x64
		Debug|x86 = Debug|x86
		Release|x64 = Release|x64
		Release|x86 = Release|x86
	EndGlobalSection
	GlobalSection(ProjectConfigurationPlatforms) = postSolution
		{74E5DACC-88A5-4FCA-9CF7-1DEBB56BCF6A}.Debug|x64.ActiveCfg = Debug|x64
		{74E5DACC-88A5-4FCA-9CF7-1DEBB56BCF6A}.Debug|x64.Build.0 = Debug|x64
		{74E5DACC-88A5-4FCA-9CF7-1DEBB56BCF6A}.Debug|x86.ActiveCfg = Debug|Win32
		{74E5DACC-88A5-4FCA-9CF7-1DEBB56BCF6A}.Debug|x86.Build.0 = Debug|Win32
		{74E5DACC-88A5-4FCA-9CF7-1DEBB56BCF6A}.Release|x64.ActiveCfg = Release|x64
		{74E5DACC-88A5-4FCA-9CF7-1DEBB56BCF6A}.Release|x64.Build.0 = Release|x64
		{74E5DACC-88A5-4FCA-9CF7-1DEBB56BCF6A}.Release|x86.ActiveCfg = Release|Win32
		{74E5DACC-88A5-4FCA-9CF7-1DEBB56BCF6A}.Release|x86.Build.0 = Release|Win32
	EndGlobalSection
	GlobalSection(SolutionProperties) = preSolution
		HideSolutionNode = FALSE
	EndGlobalSection
	GlobalSection(ExtensibilityGlobals) = postSolution
		SolutionGuid = {A8B11EA8-2EF4-443F-B75C-6B9049032FC5}
	EndGlobalSection
EndGlobal
